
Microsoft Visual Studio Solution File, Format Version 12.00
# Visual Studio 15
VisualStudioVersion = 15.0.27703.1
MinimumVisualStudioVersion = 10.0.40219.1
Project("{888888A0-9F3D-457C-B088-3A5042F75D52}") = "Simatic-S7-webHMI-PyClient", "Simatic-S7-webHMI-PyClient\Simatic-S7-webHMI-PyClient.pyproj", "{03DAFF91-6BCD-4402-92DD-86762EF785DF}"
EndProject
Global
	GlobalSection(SolutionConfigurationPlatforms) = preSolution
		Debug|Any CPU = Debug|Any CPU
		Release|Any CPU = Release|Any CPU
	EndGlobalSection
	GlobalSection(ProjectConfigurationPlatforms) = postSolution
		{03DAFF91-6BCD-4402-92DD-86762EF785DF}.Debug|Any CPU.ActiveCfg = Debug|Any CPU
		{03DAFF91-6BCD-4402-92DD-86762EF785DF}.Release|Any CPU.ActiveCfg = Release|Any CPU
	EndGlobalSection
	GlobalSection(SolutionProperties) = preSolution
		HideSolutionNode = FALSE
	EndGlobalSection
	GlobalSection(ExtensibilityGlobals) = postSolution
		SolutionGuid = {4B98110E-2813-4062-ACFC-D26AB7F05F17}
	EndGlobalSection
EndGlobal
