
Microsoft Visual Studio Solution File, Format Version 12.00
# Visual Studio 15
VisualStudioVersion = 15.0.28010.2046
MinimumVisualStudioVersion = 10.0.40219.1
Project("{FAE04EC0-301F-11D3-BF4B-00C04F79EFBC}") = "PLanta Multiproposito", "PLanta Multiproposito\PLanta Multiproposito.csproj", "{EFE08D72-9E95-43CA-9120-EBC59FB74542}"
EndProject
Global
	GlobalSection(SolutionConfigurationPlatforms) = preSolution
		Debug|Any CPU = Debug|Any CPU
		Release|Any CPU = Release|Any CPU
	EndGlobalSection
	GlobalSection(ProjectConfigurationPlatforms) = postSolution
		{EFE08D72-9E95-43CA-9120-EBC59FB74542}.Debug|Any CPU.ActiveCfg = Debug|Any CPU
		{EFE08D72-9E95-43CA-9120-EBC59FB74542}.Debug|Any CPU.Build.0 = Debug|Any CPU
		{EFE08D72-9E95-43CA-9120-EBC59FB74542}.Release|Any CPU.ActiveCfg = Release|Any CPU
		{EFE08D72-9E95-43CA-9120-EBC59FB74542}.Release|Any CPU.Build.0 = Release|Any CPU
	EndGlobalSection
	GlobalSection(SolutionProperties) = preSolution
		HideSolutionNode = FALSE
	EndGlobalSection
	GlobalSection(ExtensibilityGlobals) = postSolution
		SolutionGuid = {10C05B8B-4C8B-4B1F-A0E5-59BC9B81D8E9}
	EndGlobalSection
EndGlobal
