
Microsoft Visual Studio Solution File, Format Version 12.00
# Visual Studio 15
VisualStudioVersion = 15.0.28010.2050
MinimumVisualStudioVersion = 10.0.40219.1
Project("{FAE04EC0-301F-11D3-BF4B-00C04F79EFBC}") = "AppPlanta.Android", "AppPlanta\AppPlanta.Android\AppPlanta.Android.csproj", "{A8A1409D-6659-4DF3-80AA-A3FDC6B33964}"
EndProject
Project("{FAE04EC0-301F-11D3-BF4B-00C04F79EFBC}") = "AppPlanta.iOS", "AppPlanta\AppPlanta.iOS\AppPlanta.iOS.csproj", "{210CFB97-5363-44D0-911F-CA14B86E1673}"
EndProject
Project("{FAE04EC0-301F-11D3-BF4B-00C04F79EFBC}") = "AppPlanta.UWP", "AppPlanta\AppPlanta.UWP\AppPlanta.UWP.csproj", "{C1CD2A44-84AA-4E60-9004-BF03F76018C6}"
EndProject
Project("{9A19103F-16F7-4668-BE54-9A1E7A4F7556}") = "AppPlanta", "AppPlanta\AppPlanta\AppPlanta.csproj", "{F9E00FAE-6469-4043-8266-224AB23BEC32}"
EndProject
Project("{FAE04EC0-301F-11D3-BF4B-00C04F79EFBC}") = "Sharp7Library", "Sharp7\Sharp7Library.csproj", "{A2688244-A163-4291-9365-712937B8D506}"
EndProject
Global
	GlobalSection(SolutionConfigurationPlatforms) = preSolution
		Ad-Hoc|Any CPU = Ad-Hoc|Any CPU
		Ad-Hoc|ARM = Ad-Hoc|ARM
		Ad-Hoc|iPhone = Ad-Hoc|iPhone
		Ad-Hoc|iPhoneSimulator = Ad-Hoc|iPhoneSimulator
		Ad-Hoc|x64 = Ad-Hoc|x64
		Ad-Hoc|x86 = Ad-Hoc|x86
		AppStore|Any CPU = AppStore|Any CPU
		AppStore|ARM = AppStore|ARM
		AppStore|iPhone = AppStore|iPhone
		AppStore|iPhoneSimulator = AppStore|iPhoneSimulator
		AppStore|x64 = AppStore|x64
		AppStore|x86 = AppStore|x86
		Debug|Any CPU = Debug|Any CPU
		Debug|ARM = Debug|ARM
		Debug|iPhone = Debug|iPhone
		Debug|iPhoneSimulator = Debug|iPhoneSimulator
		Debug|x64 = Debug|x64
		Debug|x86 = Debug|x86
		Release|Any CPU = Release|Any CPU
		Release|ARM = Release|ARM
		Release|iPhone = Release|iPhone
		Release|iPhoneSimulator = Release|iPhoneSimulator
		Release|x64 = Release|x64
		Release|x86 = Release|x86
	EndGlobalSection
	GlobalSection(ProjectConfigurationPlatforms) = postSolution
		{A8A1409D-6659-4DF3-80AA-A3FDC6B33964}.Ad-Hoc|Any CPU.ActiveCfg = Release|Any CPU
		{A8A1409D-6659-4DF3-80AA-A3FDC6B33964}.Ad-Hoc|Any CPU.Build.0 = Release|Any CPU
		{A8A1409D-6659-4DF3-80AA-A3FDC6B33964}.Ad-Hoc|Any CPU.Deploy.0 = Release|Any CPU
		{A8A1409D-6659-4DF3-80AA-A3FDC6B33964}.Ad-Hoc|ARM.ActiveCfg = Release|Any CPU
		{A8A1409D-6659-4DF3-80AA-A3FDC6B33964}.Ad-Hoc|ARM.Build.0 = Release|Any CPU
		{A8A1409D-6659-4DF3-80AA-A3FDC6B33964}.Ad-Hoc|ARM.Deploy.0 = Release|Any CPU
		{A8A1409D-6659-4DF3-80AA-A3FDC6B33964}.Ad-Hoc|iPhone.ActiveCfg = Release|Any CPU
		{A8A1409D-6659-4DF3-80AA-A3FDC6B33964}.Ad-Hoc|iPhone.Build.0 = Release|Any CPU
		{A8A1409D-6659-4DF3-80AA-A3FDC6B33964}.Ad-Hoc|iPhone.Deploy.0 = Release|Any CPU
		{A8A1409D-6659-4DF3-80AA-A3FDC6B33964}.Ad-Hoc|iPhoneSimulator.ActiveCfg = Release|Any CPU
		{A8A1409D-6659-4DF3-80AA-A3FDC6B33964}.Ad-Hoc|iPhoneSimulator.Build.0 = Release|Any CPU
		{A8A1409D-6659-4DF3-80AA-A3FDC6B33964}.Ad-Hoc|iPhoneSimulator.Deploy.0 = Release|Any CPU
		{A8A1409D-6659-4DF3-80AA-A3FDC6B33964}.Ad-Hoc|x64.ActiveCfg = Release|Any CPU
		{A8A1409D-6659-4DF3-80AA-A3FDC6B33964}.Ad-Hoc|x64.Build.0 = Release|Any CPU
		{A8A1409D-6659-4DF3-80AA-A3FDC6B33964}.Ad-Hoc|x64.Deploy.0 = Release|Any CPU
		{A8A1409D-6659-4DF3-80AA-A3FDC6B33964}.Ad-Hoc|x86.ActiveCfg = Release|Any CPU
		{A8A1409D-6659-4DF3-80AA-A3FDC6B33964}.Ad-Hoc|x86.Build.0 = Release|Any CPU
		{A8A1409D-6659-4DF3-80AA-A3FDC6B33964}.Ad-Hoc|x86.Deploy.0 = Release|Any CPU
		{A8A1409D-6659-4DF3-80AA-A3FDC6B33964}.AppStore|Any CPU.ActiveCfg = Release|Any CPU
		{A8A1409D-6659-4DF3-80AA-A3FDC6B33964}.AppStore|Any CPU.Build.0 = Release|Any CPU
		{A8A1409D-6659-4DF3-80AA-A3FDC6B33964}.AppStore|Any CPU.Deploy.0 = Release|Any CPU
		{A8A1409D-6659-4DF3-80AA-A3FDC6B33964}.AppStore|ARM.ActiveCfg = Release|Any CPU
		{A8A1409D-6659-4DF3-80AA-A3FDC6B33964}.AppStore|ARM.Build.0 = Release|Any CPU
		{A8A1409D-6659-4DF3-80AA-A3FDC6B33964}.AppStore|ARM.Deploy.0 = Release|Any CPU
		{A8A1409D-6659-4DF3-80AA-A3FDC6B33964}.AppStore|iPhone.ActiveCfg = Release|Any CPU
		{A8A1409D-6659-4DF3-80AA-A3FDC6B33964}.AppStore|iPhone.Build.0 = Release|Any CPU
		{A8A1409D-6659-4DF3-80AA-A3FDC6B33964}.AppStore|iPhone.Deploy.0 = Release|Any CPU
		{A8A1409D-6659-4DF3-80AA-A3FDC6B33964}.AppStore|iPhoneSimulator.ActiveCfg = Release|Any CPU
		{A8A1409D-6659-4DF3-80AA-A3FDC6B33964}.AppStore|iPhoneSimulator.Build.0 = Release|Any CPU
		{A8A1409D-6659-4DF3-80AA-A3FDC6B33964}.AppStore|iPhoneSimulator.Deploy.0 = Release|Any CPU
		{A8A1409D-6659-4DF3-80AA-A3FDC6B33964}.AppStore|x64.ActiveCfg = Release|Any CPU
		{A8A1409D-6659-4DF3-80AA-A3FDC6B33964}.AppStore|x64.Build.0 = Release|Any CPU
		{A8A1409D-6659-4DF3-80AA-A3FDC6B33964}.AppStore|x64.Deploy.0 = Release|Any CPU
		{A8A1409D-6659-4DF3-80AA-A3FDC6B33964}.AppStore|x86.ActiveCfg = Release|Any CPU
		{A8A1409D-6659-4DF3-80AA-A3FDC6B33964}.AppStore|x86.Build.0 = Release|Any CPU
		{A8A1409D-6659-4DF3-80AA-A3FDC6B33964}.AppStore|x86.Deploy.0 = Release|Any CPU
		{A8A1409D-6659-4DF3-80AA-A3FDC6B33964}.Debug|Any CPU.ActiveCfg = Debug|Any CPU
		{A8A1409D-6659-4DF3-80AA-A3FDC6B33964}.Debug|Any CPU.Build.0 = Debug|Any CPU
		{A8A1409D-6659-4DF3-80AA-A3FDC6B33964}.Debug|Any CPU.Deploy.0 = Debug|Any CPU
		{A8A1409D-6659-4DF3-80AA-A3FDC6B33964}.Debug|ARM.ActiveCfg = Debug|Any CPU
		{A8A1409D-6659-4DF3-80AA-A3FDC6B33964}.Debug|ARM.Build.0 = Debug|Any CPU
		{A8A1409D-6659-4DF3-80AA-A3FDC6B33964}.Debug|ARM.Deploy.0 = Debug|Any CPU
		{A8A1409D-6659-4DF3-80AA-A3FDC6B33964}.Debug|iPhone.ActiveCfg = Debug|Any CPU
		{A8A1409D-6659-4DF3-80AA-A3FDC6B33964}.Debug|iPhone.Build.0 = Debug|Any CPU
		{A8A1409D-6659-4DF3-80AA-A3FDC6B33964}.Debug|iPhone.Deploy.0 = Debug|Any CPU
		{A8A1409D-6659-4DF3-80AA-A3FDC6B33964}.Debug|iPhoneSimulator.ActiveCfg = Debug|Any CPU
		{A8A1409D-6659-4DF3-80AA-A3FDC6B33964}.Debug|iPhoneSimulator.Build.0 = Debug|Any CPU
		{A8A1409D-6659-4DF3-80AA-A3FDC6B33964}.Debug|iPhoneSimulator.Deploy.0 = Debug|Any CPU
		{A8A1409D-6659-4DF3-80AA-A3FDC6B33964}.Debug|x64.ActiveCfg = Debug|Any CPU
		{A8A1409D-6659-4DF3-80AA-A3FDC6B33964}.Debug|x64.Build.0 = Debug|Any CPU
		{A8A1409D-6659-4DF3-80AA-A3FDC6B33964}.Debug|x64.Deploy.0 = Debug|Any CPU
		{A8A1409D-6659-4DF3-80AA-A3FDC6B33964}.Debug|x86.ActiveCfg = Debug|Any CPU
		{A8A1409D-6659-4DF3-80AA-A3FDC6B33964}.Debug|x86.Build.0 = Debug|Any CPU
		{A8A1409D-6659-4DF3-80AA-A3FDC6B33964}.Debug|x86.Deploy.0 = Debug|Any CPU
		{A8A1409D-6659-4DF3-80AA-A3FDC6B33964}.Release|Any CPU.ActiveCfg = Release|Any CPU
		{A8A1409D-6659-4DF3-80AA-A3FDC6B33964}.Release|Any CPU.Build.0 = Release|Any CPU
		{A8A1409D-6659-4DF3-80AA-A3FDC6B33964}.Release|Any CPU.Deploy.0 = Release|Any CPU
		{A8A1409D-6659-4DF3-80AA-A3FDC6B33964}.Release|ARM.ActiveCfg = Release|Any CPU
		{A8A1409D-6659-4DF3-80AA-A3FDC6B33964}.Release|ARM.Build.0 = Release|Any CPU
		{A8A1409D-6659-4DF3-80AA-A3FDC6B33964}.Release|ARM.Deploy.0 = Release|Any CPU
		{A8A1409D-6659-4DF3-80AA-A3FDC6B33964}.Release|iPhone.ActiveCfg = Release|Any CPU
		{A8A1409D-6659-4DF3-80AA-A3FDC6B33964}.Release|iPhone.Build.0 = Release|Any CPU
		{A8A1409D-6659-4DF3-80AA-A3FDC6B33964}.Release|iPhone.Deploy.0 = Release|Any CPU
		{A8A1409D-6659-4DF3-80AA-A3FDC6B33964}.Release|iPhoneSimulator.ActiveCfg = Release|Any CPU
		{A8A1409D-6659-4DF3-80AA-A3FDC6B33964}.Release|iPhoneSimulator.Build.0 = Release|Any CPU
		{A8A1409D-6659-4DF3-80AA-A3FDC6B33964}.Release|iPhoneSimulator.Deploy.0 = Release|Any CPU
		{A8A1409D-6659-4DF3-80AA-A3FDC6B33964}.Release|x64.ActiveCfg = Release|Any CPU
		{A8A1409D-6659-4DF3-80AA-A3FDC6B33964}.Release|x64.Build.0 = Release|Any CPU
		{A8A1409D-6659-4DF3-80AA-A3FDC6B33964}.Release|x64.Deploy.0 = Release|Any CPU
		{A8A1409D-6659-4DF3-80AA-A3FDC6B33964}.Release|x86.ActiveCfg = Release|Any CPU
		{A8A1409D-6659-4DF3-80AA-A3FDC6B33964}.Release|x86.Build.0 = Release|Any CPU
		{A8A1409D-6659-4DF3-80AA-A3FDC6B33964}.Release|x86.Deploy.0 = Release|Any CPU
		{210CFB97-5363-44D0-911F-CA14B86E1673}.Ad-Hoc|Any CPU.ActiveCfg = Ad-Hoc|iPhone
		{210CFB97-5363-44D0-911F-CA14B86E1673}.Ad-Hoc|Any CPU.Build.0 = Ad-Hoc|iPhone
		{210CFB97-5363-44D0-911F-CA14B86E1673}.Ad-Hoc|Any CPU.Deploy.0 = Ad-Hoc|iPhone
		{210CFB97-5363-44D0-911F-CA14B86E1673}.Ad-Hoc|ARM.ActiveCfg = Ad-Hoc|iPhone
		{210CFB97-5363-44D0-911F-CA14B86E1673}.Ad-Hoc|ARM.Build.0 = Ad-Hoc|iPhone
		{210CFB97-5363-44D0-911F-CA14B86E1673}.Ad-Hoc|ARM.Deploy.0 = Ad-Hoc|iPhone
		{210CFB97-5363-44D0-911F-CA14B86E1673}.Ad-Hoc|iPhone.ActiveCfg = Ad-Hoc|iPhone
		{210CFB97-5363-44D0-911F-CA14B86E1673}.Ad-Hoc|iPhone.Build.0 = Ad-Hoc|iPhone
		{210CFB97-5363-44D0-911F-CA14B86E1673}.Ad-Hoc|iPhone.Deploy.0 = Ad-Hoc|iPhone
		{210CFB97-5363-44D0-911F-CA14B86E1673}.Ad-Hoc|iPhoneSimulator.ActiveCfg = Ad-Hoc|iPhoneSimulator
		{210CFB97-5363-44D0-911F-CA14B86E1673}.Ad-Hoc|iPhoneSimulator.Build.0 = Ad-Hoc|iPhoneSimulator
		{210CFB97-5363-44D0-911F-CA14B86E1673}.Ad-Hoc|iPhoneSimulator.Deploy.0 = Ad-Hoc|iPhoneSimulator
		{210CFB97-5363-44D0-911F-CA14B86E1673}.Ad-Hoc|x64.ActiveCfg = Ad-Hoc|iPhone
		{210CFB97-5363-44D0-911F-CA14B86E1673}.Ad-Hoc|x64.Build.0 = Ad-Hoc|iPhone
		{210CFB97-5363-44D0-911F-CA14B86E1673}.Ad-Hoc|x64.Deploy.0 = Ad-Hoc|iPhone
		{210CFB97-5363-44D0-911F-CA14B86E1673}.Ad-Hoc|x86.ActiveCfg = Ad-Hoc|iPhone
		{210CFB97-5363-44D0-911F-CA14B86E1673}.Ad-Hoc|x86.Build.0 = Ad-Hoc|iPhone
		{210CFB97-5363-44D0-911F-CA14B86E1673}.Ad-Hoc|x86.Deploy.0 = Ad-Hoc|iPhone
		{210CFB97-5363-44D0-911F-CA14B86E1673}.AppStore|Any CPU.ActiveCfg = AppStore|iPhone
		{210CFB97-5363-44D0-911F-CA14B86E1673}.AppStore|Any CPU.Build.0 = AppStore|iPhone
		{210CFB97-5363-44D0-911F-CA14B86E1673}.AppStore|Any CPU.Deploy.0 = AppStore|iPhone
		{210CFB97-5363-44D0-911F-CA14B86E1673}.AppStore|ARM.ActiveCfg = AppStore|iPhone
		{210CFB97-5363-44D0-911F-CA14B86E1673}.AppStore|ARM.Build.0 = AppStore|iPhone
		{210CFB97-5363-44D0-911F-CA14B86E1673}.AppStore|ARM.Deploy.0 = AppStore|iPhone
		{210CFB97-5363-44D0-911F-CA14B86E1673}.AppStore|iPhone.ActiveCfg = AppStore|iPhone
		{210CFB97-5363-44D0-911F-CA14B86E1673}.AppStore|iPhone.Build.0 = AppStore|iPhone
		{210CFB97-5363-44D0-911F-CA14B86E1673}.AppStore|iPhone.Deploy.0 = AppStore|iPhone
		{210CFB97-5363-44D0-911F-CA14B86E1673}.AppStore|iPhoneSimulator.ActiveCfg = AppStore|iPhoneSimulator
		{210CFB97-5363-44D0-911F-CA14B86E1673}.AppStore|iPhoneSimulator.Build.0 = AppStore|iPhoneSimulator
		{210CFB97-5363-44D0-911F-CA14B86E1673}.AppStore|iPhoneSimulator.Deploy.0 = AppStore|iPhoneSimulator
		{210CFB97-5363-44D0-911F-CA14B86E1673}.AppStore|x64.ActiveCfg = AppStore|iPhone
		{210CFB97-5363-44D0-911F-CA14B86E1673}.AppStore|x64.Build.0 = AppStore|iPhone
		{210CFB97-5363-44D0-911F-CA14B86E1673}.AppStore|x64.Deploy.0 = AppStore|iPhone
		{210CFB97-5363-44D0-911F-CA14B86E1673}.AppStore|x86.ActiveCfg = AppStore|iPhone
		{210CFB97-5363-44D0-911F-CA14B86E1673}.AppStore|x86.Build.0 = AppStore|iPhone
		{210CFB97-5363-44D0-911F-CA14B86E1673}.AppStore|x86.Deploy.0 = AppStore|iPhone
		{210CFB97-5363-44D0-911F-CA14B86E1673}.Debug|Any CPU.ActiveCfg = Debug|iPhoneSimulator
		{210CFB97-5363-44D0-911F-CA14B86E1673}.Debug|Any CPU.Build.0 = Debug|iPhoneSimulator
		{210CFB97-5363-44D0-911F-CA14B86E1673}.Debug|Any CPU.Deploy.0 = Debug|iPhoneSimulator
		{210CFB97-5363-44D0-911F-CA14B86E1673}.Debug|ARM.ActiveCfg = Debug|iPhone
		{210CFB97-5363-44D0-911F-CA14B86E1673}.Debug|ARM.Build.0 = Debug|iPhone
		{210CFB97-5363-44D0-911F-CA14B86E1673}.Debug|ARM.Deploy.0 = Debug|iPhone
		{210CFB97-5363-44D0-911F-CA14B86E1673}.Debug|iPhone.ActiveCfg = Debug|iPhone
		{210CFB97-5363-44D0-911F-CA14B86E1673}.Debug|iPhone.Build.0 = Debug|iPhone
		{210CFB97-5363-44D0-911F-CA14B86E1673}.Debug|iPhone.Deploy.0 = Debug|iPhone
		{210CFB97-5363-44D0-911F-CA14B86E1673}.Debug|iPhoneSimulator.ActiveCfg = Debug|iPhoneSimulator
		{210CFB97-5363-44D0-911F-CA14B86E1673}.Debug|iPhoneSimulator.Build.0 = Debug|iPhoneSimulator
		{210CFB97-5363-44D0-911F-CA14B86E1673}.Debug|iPhoneSimulator.Deploy.0 = Debug|iPhoneSimulator
		{210CFB97-5363-44D0-911F-CA14B86E1673}.Debug|x64.ActiveCfg = Debug|iPhone
		{210CFB97-5363-44D0-911F-CA14B86E1673}.Debug|x64.Build.0 = Debug|iPhone
		{210CFB97-5363-44D0-911F-CA14B86E1673}.Debug|x64.Deploy.0 = Debug|iPhone
		{210CFB97-5363-44D0-911F-CA14B86E1673}.Debug|x86.ActiveCfg = Debug|iPhone
		{210CFB97-5363-44D0-911F-CA14B86E1673}.Debug|x86.Build.0 = Debug|iPhone
		{210CFB97-5363-44D0-911F-CA14B86E1673}.Debug|x86.Deploy.0 = Debug|iPhone
		{210CFB97-5363-44D0-911F-CA14B86E1673}.Release|Any CPU.ActiveCfg = Release|iPhone
		{210CFB97-5363-44D0-911F-CA14B86E1673}.Release|Any CPU.Build.0 = Release|iPhone
		{210CFB97-5363-44D0-911F-CA14B86E1673}.Release|Any CPU.Deploy.0 = Release|iPhone
		{210CFB97-5363-44D0-911F-CA14B86E1673}.Release|ARM.ActiveCfg = Release|iPhone
		{210CFB97-5363-44D0-911F-CA14B86E1673}.Release|ARM.Build.0 = Release|iPhone
		{210CFB97-5363-44D0-911F-CA14B86E1673}.Release|ARM.Deploy.0 = Release|iPhone
		{210CFB97-5363-44D0-911F-CA14B86E1673}.Release|iPhone.ActiveCfg = Release|iPhone
		{210CFB97-5363-44D0-911F-CA14B86E1673}.Release|iPhone.Build.0 = Release|iPhone
		{210CFB97-5363-44D0-911F-CA14B86E1673}.Release|iPhone.Deploy.0 = Release|iPhone
		{210CFB97-5363-44D0-911F-CA14B86E1673}.Release|iPhoneSimulator.ActiveCfg = Release|iPhoneSimulator
		{210CFB97-5363-44D0-911F-CA14B86E1673}.Release|iPhoneSimulator.Build.0 = Release|iPhoneSimulator
		{210CFB97-5363-44D0-911F-CA14B86E1673}.Release|iPhoneSimulator.Deploy.0 = Release|iPhoneSimulator
		{210CFB97-5363-44D0-911F-CA14B86E1673}.Release|x64.ActiveCfg = Release|iPhone
		{210CFB97-5363-44D0-911F-CA14B86E1673}.Release|x64.Build.0 = Release|iPhone
		{210CFB97-5363-44D0-911F-CA14B86E1673}.Release|x64.Deploy.0 = Release|iPhone
		{210CFB97-5363-44D0-911F-CA14B86E1673}.Release|x86.ActiveCfg = Release|iPhone
		{210CFB97-5363-44D0-911F-CA14B86E1673}.Release|x86.Build.0 = Release|iPhone
		{210CFB97-5363-44D0-911F-CA14B86E1673}.Release|x86.Deploy.0 = Release|iPhone
		{C1CD2A44-84AA-4E60-9004-BF03F76018C6}.Ad-Hoc|Any CPU.ActiveCfg = Release|x86
		{C1CD2A44-84AA-4E60-9004-BF03F76018C6}.Ad-Hoc|Any CPU.Build.0 = Release|x86
		{C1CD2A44-84AA-4E60-9004-BF03F76018C6}.Ad-Hoc|Any CPU.Deploy.0 = Release|x86
		{C1CD2A44-84AA-4E60-9004-BF03F76018C6}.Ad-Hoc|ARM.ActiveCfg = Release|ARM
		{C1CD2A44-84AA-4E60-9004-BF03F76018C6}.Ad-Hoc|ARM.Build.0 = Release|ARM
		{C1CD2A44-84AA-4E60-9004-BF03F76018C6}.Ad-Hoc|ARM.Deploy.0 = Release|ARM
		{C1CD2A44-84AA-4E60-9004-BF03F76018C6}.Ad-Hoc|iPhone.ActiveCfg = Release|x86
		{C1CD2A44-84AA-4E60-9004-BF03F76018C6}.Ad-Hoc|iPhone.Build.0 = Release|x86
		{C1CD2A44-84AA-4E60-9004-BF03F76018C6}.Ad-Hoc|iPhone.Deploy.0 = Release|x86
		{C1CD2A44-84AA-4E60-9004-BF03F76018C6}.Ad-Hoc|iPhoneSimulator.ActiveCfg = Release|x86
		{C1CD2A44-84AA-4E60-9004-BF03F76018C6}.Ad-Hoc|iPhoneSimulator.Build.0 = Release|x86
		{C1CD2A44-84AA-4E60-9004-BF03F76018C6}.Ad-Hoc|iPhoneSimulator.Deploy.0 = Release|x86
		{C1CD2A44-84AA-4E60-9004-BF03F76018C6}.Ad-Hoc|x64.ActiveCfg = Release|x64
		{C1CD2A44-84AA-4E60-9004-BF03F76018C6}.Ad-Hoc|x64.Build.0 = Release|x64
		{C1CD2A44-84AA-4E60-9004-BF03F76018C6}.Ad-Hoc|x64.Deploy.0 = Release|x64
		{C1CD2A44-84AA-4E60-9004-BF03F76018C6}.Ad-Hoc|x86.ActiveCfg = Release|x86
		{C1CD2A44-84AA-4E60-9004-BF03F76018C6}.Ad-Hoc|x86.Build.0 = Release|x86
		{C1CD2A44-84AA-4E60-9004-BF03F76018C6}.Ad-Hoc|x86.Deploy.0 = Release|x86
		{C1CD2A44-84AA-4E60-9004-BF03F76018C6}.AppStore|Any CPU.ActiveCfg = Release|x86
		{C1CD2A44-84AA-4E60-9004-BF03F76018C6}.AppStore|Any CPU.Build.0 = Release|x86
		{C1CD2A44-84AA-4E60-9004-BF03F76018C6}.AppStore|Any CPU.Deploy.0 = Release|x86
		{C1CD2A44-84AA-4E60-9004-BF03F76018C6}.AppStore|ARM.ActiveCfg = Release|ARM
		{C1CD2A44-84AA-4E60-9004-BF03F76018C6}.AppStore|ARM.Build.0 = Release|ARM
		{C1CD2A44-84AA-4E60-9004-BF03F76018C6}.AppStore|ARM.Deploy.0 = Release|ARM
		{C1CD2A44-84AA-4E60-9004-BF03F76018C6}.AppStore|iPhone.ActiveCfg = Release|x86
		{C1CD2A44-84AA-4E60-9004-BF03F76018C6}.AppStore|iPhone.Build.0 = Release|x86
		{C1CD2A44-84AA-4E60-9004-BF03F76018C6}.AppStore|iPhone.Deploy.0 = Release|x86
		{C1CD2A44-84AA-4E60-9004-BF03F76018C6}.AppStore|iPhoneSimulator.ActiveCfg = Release|x86
		{C1CD2A44-84AA-4E60-9004-BF03F76018C6}.AppStore|iPhoneSimulator.Build.0 = Release|x86
		{C1CD2A44-84AA-4E60-9004-BF03F76018C6}.AppStore|iPhoneSimulator.Deploy.0 = Release|x86
		{C1CD2A44-84AA-4E60-9004-BF03F76018C6}.AppStore|x64.ActiveCfg = Release|x64
		{C1CD2A44-84AA-4E60-9004-BF03F76018C6}.AppStore|x64.Build.0 = Release|x64
		{C1CD2A44-84AA-4E60-9004-BF03F76018C6}.AppStore|x64.Deploy.0 = Release|x64
		{C1CD2A44-84AA-4E60-9004-BF03F76018C6}.AppStore|x86.ActiveCfg = Release|x86
		{C1CD2A44-84AA-4E60-9004-BF03F76018C6}.AppStore|x86.Build.0 = Release|x86
		{C1CD2A44-84AA-4E60-9004-BF03F76018C6}.AppStore|x86.Deploy.0 = Release|x86
		{C1CD2A44-84AA-4E60-9004-BF03F76018C6}.Debug|Any CPU.ActiveCfg = Debug|x86
		{C1CD2A44-84AA-4E60-9004-BF03F76018C6}.Debug|Any CPU.Build.0 = Debug|x86
		{C1CD2A44-84AA-4E60-9004-BF03F76018C6}.Debug|Any CPU.Deploy.0 = Debug|x86
		{C1CD2A44-84AA-4E60-9004-BF03F76018C6}.Debug|ARM.ActiveCfg = Debug|ARM
		{C1CD2A44-84AA-4E60-9004-BF03F76018C6}.Debug|ARM.Build.0 = Debug|ARM
		{C1CD2A44-84AA-4E60-9004-BF03F76018C6}.Debug|ARM.Deploy.0 = Debug|ARM
		{C1CD2A44-84AA-4E60-9004-BF03F76018C6}.Debug|iPhone.ActiveCfg = Debug|x86
		{C1CD2A44-84AA-4E60-9004-BF03F76018C6}.Debug|iPhone.Build.0 = Debug|x86
		{C1CD2A44-84AA-4E60-9004-BF03F76018C6}.Debug|iPhone.Deploy.0 = Debug|x86
		{C1CD2A44-84AA-4E60-9004-BF03F76018C6}.Debug|iPhoneSimulator.ActiveCfg = Debug|x86
		{C1CD2A44-84AA-4E60-9004-BF03F76018C6}.Debug|iPhoneSimulator.Build.0 = Debug|x86
		{C1CD2A44-84AA-4E60-9004-BF03F76018C6}.Debug|iPhoneSimulator.Deploy.0 = Debug|x86
		{C1CD2A44-84AA-4E60-9004-BF03F76018C6}.Debug|x64.ActiveCfg = Debug|x64
		{C1CD2A44-84AA-4E60-9004-BF03F76018C6}.Debug|x64.Build.0 = Debug|x64
		{C1CD2A44-84AA-4E60-9004-BF03F76018C6}.Debug|x64.Deploy.0 = Debug|x64
		{C1CD2A44-84AA-4E60-9004-BF03F76018C6}.Debug|x86.ActiveCfg = Debug|x86
		{C1CD2A44-84AA-4E60-9004-BF03F76018C6}.Debug|x86.Build.0 = Debug|x86
		{C1CD2A44-84AA-4E60-9004-BF03F76018C6}.Debug|x86.Deploy.0 = Debug|x86
		{C1CD2A44-84AA-4E60-9004-BF03F76018C6}.Release|Any CPU.ActiveCfg = Release|x86
		{C1CD2A44-84AA-4E60-9004-BF03F76018C6}.Release|Any CPU.Build.0 = Release|x86
		{C1CD2A44-84AA-4E60-9004-BF03F76018C6}.Release|Any CPU.Deploy.0 = Release|x86
		{C1CD2A44-84AA-4E60-9004-BF03F76018C6}.Release|ARM.ActiveCfg = Release|ARM
		{C1CD2A44-84AA-4E60-9004-BF03F76018C6}.Release|ARM.Build.0 = Release|ARM
		{C1CD2A44-84AA-4E60-9004-BF03F76018C6}.Release|ARM.Deploy.0 = Release|ARM
		{C1CD2A44-84AA-4E60-9004-BF03F76018C6}.Release|iPhone.ActiveCfg = Release|x86
		{C1CD2A44-84AA-4E60-9004-BF03F76018C6}.Release|iPhone.Build.0 = Release|x86
		{C1CD2A44-84AA-4E60-9004-BF03F76018C6}.Release|iPhone.Deploy.0 = Release|x86
		{C1CD2A44-84AA-4E60-9004-BF03F76018C6}.Release|iPhoneSimulator.ActiveCfg = Release|x86
		{C1CD2A44-84AA-4E60-9004-BF03F76018C6}.Release|iPhoneSimulator.Build.0 = Release|x86
		{C1CD2A44-84AA-4E60-9004-BF03F76018C6}.Release|iPhoneSimulator.Deploy.0 = Release|x86
		{C1CD2A44-84AA-4E60-9004-BF03F76018C6}.Release|x64.ActiveCfg = Release|x64
		{C1CD2A44-84AA-4E60-9004-BF03F76018C6}.Release|x64.Build.0 = Release|x64
		{C1CD2A44-84AA-4E60-9004-BF03F76018C6}.Release|x64.Deploy.0 = Release|x64
		{C1CD2A44-84AA-4E60-9004-BF03F76018C6}.Release|x86.ActiveCfg = Release|x86
		{C1CD2A44-84AA-4E60-9004-BF03F76018C6}.Release|x86.Build.0 = Release|x86
		{C1CD2A44-84AA-4E60-9004-BF03F76018C6}.Release|x86.Deploy.0 = Release|x86
		{F9E00FAE-6469-4043-8266-224AB23BEC32}.Ad-Hoc|Any CPU.ActiveCfg = Debug|Any CPU
		{F9E00FAE-6469-4043-8266-224AB23BEC32}.Ad-Hoc|Any CPU.Build.0 = Debug|Any CPU
		{F9E00FAE-6469-4043-8266-224AB23BEC32}.Ad-Hoc|Any CPU.Deploy.0 = Debug|Any CPU
		{F9E00FAE-6469-4043-8266-224AB23BEC32}.Ad-Hoc|ARM.ActiveCfg = Debug|Any CPU
		{F9E00FAE-6469-4043-8266-224AB23BEC32}.Ad-Hoc|ARM.Build.0 = Debug|Any CPU
		{F9E00FAE-6469-4043-8266-224AB23BEC32}.Ad-Hoc|ARM.Deploy.0 = Debug|Any CPU
		{F9E00FAE-6469-4043-8266-224AB23BEC32}.Ad-Hoc|iPhone.ActiveCfg = Debug|Any CPU
		{F9E00FAE-6469-4043-8266-224AB23BEC32}.Ad-Hoc|iPhone.Build.0 = Debug|Any CPU
		{F9E00FAE-6469-4043-8266-224AB23BEC32}.Ad-Hoc|iPhone.Deploy.0 = Debug|Any CPU
		{F9E00FAE-6469-4043-8266-224AB23BEC32}.Ad-Hoc|iPhoneSimulator.ActiveCfg = Debug|Any CPU
		{F9E00FAE-6469-4043-8266-224AB23BEC32}.Ad-Hoc|iPhoneSimulator.Build.0 = Debug|Any CPU
		{F9E00FAE-6469-4043-8266-224AB23BEC32}.Ad-Hoc|iPhoneSimulator.Deploy.0 = Debug|Any CPU
		{F9E00FAE-6469-4043-8266-224AB23BEC32}.Ad-Hoc|x64.ActiveCfg = Debug|Any CPU
		{F9E00FAE-6469-4043-8266-224AB23BEC32}.Ad-Hoc|x64.Build.0 = Debug|Any CPU
		{F9E00FAE-6469-4043-8266-224AB23BEC32}.Ad-Hoc|x64.Deploy.0 = Debug|Any CPU
		{F9E00FAE-6469-4043-8266-224AB23BEC32}.Ad-Hoc|x86.ActiveCfg = Debug|Any CPU
		{F9E00FAE-6469-4043-8266-224AB23BEC32}.Ad-Hoc|x86.Build.0 = Debug|Any CPU
		{F9E00FAE-6469-4043-8266-224AB23BEC32}.Ad-Hoc|x86.Deploy.0 = Debug|Any CPU
		{F9E00FAE-6469-4043-8266-224AB23BEC32}.AppStore|Any CPU.ActiveCfg = Debug|Any CPU
		{F9E00FAE-6469-4043-8266-224AB23BEC32}.AppStore|Any CPU.Build.0 = Debug|Any CPU
		{F9E00FAE-6469-4043-8266-224AB23BEC32}.AppStore|Any CPU.Deploy.0 = Debug|Any CPU
		{F9E00FAE-6469-4043-8266-224AB23BEC32}.AppStore|ARM.ActiveCfg = Debug|Any CPU
		{F9E00FAE-6469-4043-8266-224AB23BEC32}.AppStore|ARM.Build.0 = Debug|Any CPU
		{F9E00FAE-6469-4043-8266-224AB23BEC32}.AppStore|ARM.Deploy.0 = Debug|Any CPU
		{F9E00FAE-6469-4043-8266-224AB23BEC32}.AppStore|iPhone.ActiveCfg = Debug|Any CPU
		{F9E00FAE-6469-4043-8266-224AB23BEC32}.AppStore|iPhone.Build.0 = Debug|Any CPU
		{F9E00FAE-6469-4043-8266-224AB23BEC32}.AppStore|iPhone.Deploy.0 = Debug|Any CPU
		{F9E00FAE-6469-4043-8266-224AB23BEC32}.AppStore|iPhoneSimulator.ActiveCfg = Debug|Any CPU
		{F9E00FAE-6469-4043-8266-224AB23BEC32}.AppStore|iPhoneSimulator.Build.0 = Debug|Any CPU
		{F9E00FAE-6469-4043-8266-224AB23BEC32}.AppStore|iPhoneSimulator.Deploy.0 = Debug|Any CPU
		{F9E00FAE-6469-4043-8266-224AB23BEC32}.AppStore|x64.ActiveCfg = Debug|Any CPU
		{F9E00FAE-6469-4043-8266-224AB23BEC32}.AppStore|x64.Build.0 = Debug|Any CPU
		{F9E00FAE-6469-4043-8266-224AB23BEC32}.AppStore|x64.Deploy.0 = Debug|Any CPU
		{F9E00FAE-6469-4043-8266-224AB23BEC32}.AppStore|x86.ActiveCfg = Debug|Any CPU
		{F9E00FAE-6469-4043-8266-224AB23BEC32}.AppStore|x86.Build.0 = Debug|Any CPU
		{F9E00FAE-6469-4043-8266-224AB23BEC32}.AppStore|x86.Deploy.0 = Debug|Any CPU
		{F9E00FAE-6469-4043-8266-224AB23BEC32}.Debug|Any CPU.ActiveCfg = Debug|Any CPU
		{F9E00FAE-6469-4043-8266-224AB23BEC32}.Debug|Any CPU.Build.0 = Debug|Any CPU
		{F9E00FAE-6469-4043-8266-224AB23BEC32}.Debug|Any CPU.Deploy.0 = Debug|Any CPU
		{F9E00FAE-6469-4043-8266-224AB23BEC32}.Debug|ARM.ActiveCfg = Debug|Any CPU
		{F9E00FAE-6469-4043-8266-224AB23BEC32}.Debug|ARM.Build.0 = Debug|Any CPU
		{F9E00FAE-6469-4043-8266-224AB23BEC32}.Debug|ARM.Deploy.0 = Debug|Any CPU
		{F9E00FAE-6469-4043-8266-224AB23BEC32}.Debug|iPhone.ActiveCfg = Debug|Any CPU
		{F9E00FAE-6469-4043-8266-224AB23BEC32}.Debug|iPhone.Build.0 = Debug|Any CPU
		{F9E00FAE-6469-4043-8266-224AB23BEC32}.Debug|iPhone.Deploy.0 = Debug|Any CPU
		{F9E00FAE-6469-4043-8266-224AB23BEC32}.Debug|iPhoneSimulator.ActiveCfg = Debug|Any CPU
		{F9E00FAE-6469-4043-8266-224AB23BEC32}.Debug|iPhoneSimulator.Build.0 = Debug|Any CPU
		{F9E00FAE-6469-4043-8266-224AB23BEC32}.Debug|iPhoneSimulator.Deploy.0 = Debug|Any CPU
		{F9E00FAE-6469-4043-8266-224AB23BEC32}.Debug|x64.ActiveCfg = Debug|Any CPU
		{F9E00FAE-6469-4043-8266-224AB23BEC32}.Debug|x64.Build.0 = Debug|Any CPU
		{F9E00FAE-6469-4043-8266-224AB23BEC32}.Debug|x64.Deploy.0 = Debug|Any CPU
		{F9E00FAE-6469-4043-8266-224AB23BEC32}.Debug|x86.ActiveCfg = Debug|Any CPU
		{F9E00FAE-6469-4043-8266-224AB23BEC32}.Debug|x86.Build.0 = Debug|Any CPU
		{F9E00FAE-6469-4043-8266-224AB23BEC32}.Debug|x86.Deploy.0 = Debug|Any CPU
		{F9E00FAE-6469-4043-8266-224AB23BEC32}.Release|Any CPU.ActiveCfg = Release|Any CPU
		{F9E00FAE-6469-4043-8266-224AB23BEC32}.Release|Any CPU.Build.0 = Release|Any CPU
		{F9E00FAE-6469-4043-8266-224AB23BEC32}.Release|Any CPU.Deploy.0 = Release|Any CPU
		{F9E00FAE-6469-4043-8266-224AB23BEC32}.Release|ARM.ActiveCfg = Release|Any CPU
		{F9E00FAE-6469-4043-8266-224AB23BEC32}.Release|ARM.Build.0 = Release|Any CPU
		{F9E00FAE-6469-4043-8266-224AB23BEC32}.Release|ARM.Deploy.0 = Release|Any CPU
		{F9E00FAE-6469-4043-8266-224AB23BEC32}.Release|iPhone.ActiveCfg = Release|Any CPU
		{F9E00FAE-6469-4043-8266-224AB23BEC32}.Release|iPhone.Build.0 = Release|Any CPU
		{F9E00FAE-6469-4043-8266-224AB23BEC32}.Release|iPhone.Deploy.0 = Release|Any CPU
		{F9E00FAE-6469-4043-8266-224AB23BEC32}.Release|iPhoneSimulator.ActiveCfg = Release|Any CPU
		{F9E00FAE-6469-4043-8266-224AB23BEC32}.Release|iPhoneSimulator.Build.0 = Release|Any CPU
		{F9E00FAE-6469-4043-8266-224AB23BEC32}.Release|iPhoneSimulator.Deploy.0 = Release|Any CPU
		{F9E00FAE-6469-4043-8266-224AB23BEC32}.Release|x64.ActiveCfg = Release|Any CPU
		{F9E00FAE-6469-4043-8266-224AB23BEC32}.Release|x64.Build.0 = Release|Any CPU
		{F9E00FAE-6469-4043-8266-224AB23BEC32}.Release|x64.Deploy.0 = Release|Any CPU
		{F9E00FAE-6469-4043-8266-224AB23BEC32}.Release|x86.ActiveCfg = Release|Any CPU
		{F9E00FAE-6469-4043-8266-224AB23BEC32}.Release|x86.Build.0 = Release|Any CPU
		{F9E00FAE-6469-4043-8266-224AB23BEC32}.Release|x86.Deploy.0 = Release|Any CPU
		{A2688244-A163-4291-9365-712937B8D506}.Ad-Hoc|Any CPU.ActiveCfg = Debug|Any CPU
		{A2688244-A163-4291-9365-712937B8D506}.Ad-Hoc|Any CPU.Build.0 = Debug|Any CPU
		{A2688244-A163-4291-9365-712937B8D506}.Ad-Hoc|ARM.ActiveCfg = Debug|Any CPU
		{A2688244-A163-4291-9365-712937B8D506}.Ad-Hoc|ARM.Build.0 = Debug|Any CPU
		{A2688244-A163-4291-9365-712937B8D506}.Ad-Hoc|iPhone.ActiveCfg = Debug|Any CPU
		{A2688244-A163-4291-9365-712937B8D506}.Ad-Hoc|iPhone.Build.0 = Debug|Any CPU
		{A2688244-A163-4291-9365-712937B8D506}.Ad-Hoc|iPhoneSimulator.ActiveCfg = Debug|Any CPU
		{A2688244-A163-4291-9365-712937B8D506}.Ad-Hoc|iPhoneSimulator.Build.0 = Debug|Any CPU
		{A2688244-A163-4291-9365-712937B8D506}.Ad-Hoc|x64.ActiveCfg = Debug|Any CPU
		{A2688244-A163-4291-9365-712937B8D506}.Ad-Hoc|x64.Build.0 = Debug|Any CPU
		{A2688244-A163-4291-9365-712937B8D506}.Ad-Hoc|x86.ActiveCfg = Debug|Any CPU
		{A2688244-A163-4291-9365-712937B8D506}.Ad-Hoc|x86.Build.0 = Debug|Any CPU
		{A2688244-A163-4291-9365-712937B8D506}.AppStore|Any CPU.ActiveCfg = Debug|Any CPU
		{A2688244-A163-4291-9365-712937B8D506}.AppStore|Any CPU.Build.0 = Debug|Any CPU
		{A2688244-A163-4291-9365-712937B8D506}.AppStore|ARM.ActiveCfg = Debug|Any CPU
		{A2688244-A163-4291-9365-712937B8D506}.AppStore|ARM.Build.0 = Debug|Any CPU
		{A2688244-A163-4291-9365-712937B8D506}.AppStore|iPhone.ActiveCfg = Debug|Any CPU
		{A2688244-A163-4291-9365-712937B8D506}.AppStore|iPhone.Build.0 = Debug|Any CPU
		{A2688244-A163-4291-9365-712937B8D506}.AppStore|iPhoneSimulator.ActiveCfg = Debug|Any CPU
		{A2688244-A163-4291-9365-712937B8D506}.AppStore|iPhoneSimulator.Build.0 = Debug|Any CPU
		{A2688244-A163-4291-9365-712937B8D506}.AppStore|x64.ActiveCfg = Debug|Any CPU
		{A2688244-A163-4291-9365-712937B8D506}.AppStore|x64.Build.0 = Debug|Any CPU
		{A2688244-A163-4291-9365-712937B8D506}.AppStore|x86.ActiveCfg = Debug|Any CPU
		{A2688244-A163-4291-9365-712937B8D506}.AppStore|x86.Build.0 = Debug|Any CPU
		{A2688244-A163-4291-9365-712937B8D506}.Debug|Any CPU.ActiveCfg = Debug|Any CPU
		{A2688244-A163-4291-9365-712937B8D506}.Debug|Any CPU.Build.0 = Debug|Any CPU
		{A2688244-A163-4291-9365-712937B8D506}.Debug|ARM.ActiveCfg = Debug|Any CPU
		{A2688244-A163-4291-9365-712937B8D506}.Debug|ARM.Build.0 = Debug|Any CPU
		{A2688244-A163-4291-9365-712937B8D506}.Debug|iPhone.ActiveCfg = Debug|Any CPU
		{A2688244-A163-4291-9365-712937B8D506}.Debug|iPhone.Build.0 = Debug|Any CPU
		{A2688244-A163-4291-9365-712937B8D506}.Debug|iPhoneSimulator.ActiveCfg = Debug|Any CPU
		{A2688244-A163-4291-9365-712937B8D506}.Debug|iPhoneSimulator.Build.0 = Debug|Any CPU
		{A2688244-A163-4291-9365-712937B8D506}.Debug|x64.ActiveCfg = Debug|Any CPU
		{A2688244-A163-4291-9365-712937B8D506}.Debug|x64.Build.0 = Debug|Any CPU
		{A2688244-A163-4291-9365-712937B8D506}.Debug|x86.ActiveCfg = Debug|Any CPU
		{A2688244-A163-4291-9365-712937B8D506}.Debug|x86.Build.0 = Debug|Any CPU
		{A2688244-A163-4291-9365-712937B8D506}.Release|Any CPU.ActiveCfg = Release|Any CPU
		{A2688244-A163-4291-9365-712937B8D506}.Release|Any CPU.Build.0 = Release|Any CPU
		{A2688244-A163-4291-9365-712937B8D506}.Release|ARM.ActiveCfg = Release|Any CPU
		{A2688244-A163-4291-9365-712937B8D506}.Release|ARM.Build.0 = Release|Any CPU
		{A2688244-A163-4291-9365-712937B8D506}.Release|iPhone.ActiveCfg = Release|Any CPU
		{A2688244-A163-4291-9365-712937B8D506}.Release|iPhone.Build.0 = Release|Any CPU
		{A2688244-A163-4291-9365-712937B8D506}.Release|iPhoneSimulator.ActiveCfg = Release|Any CPU
		{A2688244-A163-4291-9365-712937B8D506}.Release|iPhoneSimulator.Build.0 = Release|Any CPU
		{A2688244-A163-4291-9365-712937B8D506}.Release|x64.ActiveCfg = Release|Any CPU
		{A2688244-A163-4291-9365-712937B8D506}.Release|x64.Build.0 = Release|Any CPU
		{A2688244-A163-4291-9365-712937B8D506}.Release|x86.ActiveCfg = Release|Any CPU
		{A2688244-A163-4291-9365-712937B8D506}.Release|x86.Build.0 = Release|Any CPU
	EndGlobalSection
	GlobalSection(SolutionProperties) = preSolution
		HideSolutionNode = FALSE
	EndGlobalSection
	GlobalSection(ExtensibilityGlobals) = postSolution
		SolutionGuid = {B48A87FA-9041-4390-8D67-F6DB557DE11F}
	EndGlobalSection
EndGlobal
